// !$*UTF8*$!
{
	archiveVersion = 1;
	classes = {
	};
	objectVersion = 51;
	objects = {

/* Begin PBXBuildFile section */
		0E256DB925AA5CD00044C002 /* AppDelegate.swift in Sources */ = {isa = PBXBuildFile; fileRef = 0E256DB825AA5CD00044C002 /* AppDelegate.swift */; };
		0E256DBB25AA5CD00044C002 /* SceneDelegate.swift in Sources */ = {isa = PBXBuildFile; fileRef = 0E256DBA25AA5CD00044C002 /* SceneDelegate.swift */; };
		0E256DC025AA5CD00044C002 /* Main.storyboard in Resources */ = {isa = PBXBuildFile; fileRef = 0E256DBE25AA5CD00044C002 /* Main.storyboard */; };
		0E256DC225AA5CD10044C002 /* Assets.xcassets in Resources */ = {isa = PBXBuildFile; fileRef = 0E256DC125AA5CD10044C002 /* Assets.xcassets */; };
		0E256DC525AA5CD10044C002 /* LaunchScreen.storyboard in Resources */ = {isa = PBXBuildFile; fileRef = 0E256DC325AA5CD10044C002 /* LaunchScreen.storyboard */; };
		0E256DD025AA5CD10044C002 /* GoodNewsTests.swift in Sources */ = {isa = PBXBuildFile; fileRef = 0E256DCF25AA5CD10044C002 /* GoodNewsTests.swift */; };
		0E256DDB25AA5CD10044C002 /* GoodNewsUITests.swift in Sources */ = {isa = PBXBuildFile; fileRef = 0E256DDA25AA5CD10044C002 /* GoodNewsUITests.swift */; };
		0E256DF025AA5D310044C002 /* NewsListTableViewController.swift in Sources */ = {isa = PBXBuildFile; fileRef = 0E256DEF25AA5D310044C002 /* NewsListTableViewController.swift */; };
		0E256E0225AA64180044C002 /* ArticleModel.swift in Sources */ = {isa = PBXBuildFile; fileRef = 0E256E0125AA64180044C002 /* ArticleModel.swift */; };
		0E256E0725AA65670044C002 /* ArticleWrapperModel.swift in Sources */ = {isa = PBXBuildFile; fileRef = 0E256E0625AA65670044C002 /* ArticleWrapperModel.swift */; };
		0E256E0E25AA66C40044C002 /* ArticleViewModel.swift in Sources */ = {isa = PBXBuildFile; fileRef = 0E256E0D25AA66C40044C002 /* ArticleViewModel.swift */; };
		0E256E1425AA69400044C002 /* ArticleCell.swift in Sources */ = {isa = PBXBuildFile; fileRef = 0E256E1325AA69400044C002 /* ArticleCell.swift */; };
		0ED487F025DC1C96005483F7 /* README.md in Resources */ = {isa = PBXBuildFile; fileRef = 0ED487EF25DC1C96005483F7 /* README.md */; };
		0EEDAB1625DC24990056C5A2 /* URLRequest+Extensions.swift in Sources */ = {isa = PBXBuildFile; fileRef = 0EEDAB1525DC24990056C5A2 /* URLRequest+Extensions.swift */; };
		371EEEA5540AA73685196DA6 /* Pods_GoodNewsTests.framework in Frameworks */ = {isa = PBXBuildFile; fileRef = F717BE03EB707B2B4115B72D /* Pods_GoodNewsTests.framework */; };
		679DD7F589D7FB9823053139 /* Pods_GoodNews.framework in Frameworks */ = {isa = PBXBuildFile; fileRef = 0FD62E98F9B00FD6C4C55479 /* Pods_GoodNews.framework */; };
		D093AA50473404F831679DD5 /* Pods_GoodNews_GoodNewsUITests.framework in Frameworks */ = {isa = PBXBuildFile; fileRef = 0736605044524F95A758B32B /* Pods_GoodNews_GoodNewsUITests.framework */; };
/* End PBXBuildFile section */

/* Begin PBXContainerItemProxy section */
		0E256DCC25AA5CD10044C002 /* PBXContainerItemProxy */ = {
			isa = PBXContainerItemProxy;
			containerPortal = 0E256DAD25AA5CD00044C002 /* Project object */;
			proxyType = 1;
			remoteGlobalIDString = 0E256DB425AA5CD00044C002;
			remoteInfo = GoodNews;
		};
		0E256DD725AA5CD10044C002 /* PBXContainerItemProxy */ = {
			isa = PBXContainerItemProxy;
			containerPortal = 0E256DAD25AA5CD00044C002 /* Project object */;
			proxyType = 1;
			remoteGlobalIDString = 0E256DB425AA5CD00044C002;
			remoteInfo = GoodNews;
		};
/* End PBXContainerItemProxy section */

/* Begin PBXFileReference section */
		0736605044524F95A758B32B /* Pods_GoodNews_GoodNewsUITests.framework */ = {isa = PBXFileReference; explicitFileType = wrapper.framework; includeInIndex = 0; path = Pods_GoodNews_GoodNewsUITests.framework; sourceTree = BUILT_PRODUCTS_DIR; };
		0E256DB525AA5CD00044C002 /* GoodNews.app */ = {isa = PBXFileReference; explicitFileType = wrapper.application; includeInIndex = 0; path = GoodNews.app; sourceTree = BUILT_PRODUCTS_DIR; };
		0E256DB825AA5CD00044C002 /* AppDelegate.swift */ = {isa = PBXFileReference; lastKnownFileType = sourcecode.swift; path = AppDelegate.swift; sourceTree = "<group>"; };
		0E256DBA25AA5CD00044C002 /* SceneDelegate.swift */ = {isa = PBXFileReference; lastKnownFileType = sourcecode.swift; path = SceneDelegate.swift; sourceTree = "<group>"; };
		0E256DBF25AA5CD00044C002 /* Base */ = {isa = PBXFileReference; lastKnownFileType = file.storyboard; name = Base; path = Base.lproj/Main.storyboard; sourceTree = "<group>"; };
		0E256DC125AA5CD10044C002 /* Assets.xcassets */ = {isa = PBXFileReference; lastKnownFileType = folder.assetcatalog; path = Assets.xcassets; sourceTree = "<group>"; };
		0E256DC425AA5CD10044C002 /* Base */ = {isa = PBXFileReference; lastKnownFileType = file.storyboard; name = Base; path = Base.lproj/LaunchScreen.storyboard; sourceTree = "<group>"; };
		0E256DC625AA5CD10044C002 /* Info.plist */ = {isa = PBXFileReference; lastKnownFileType = text.plist.xml; path = Info.plist; sourceTree = "<group>"; };
		0E256DCB25AA5CD10044C002 /* GoodNewsTests.xctest */ = {isa = PBXFileReference; explicitFileType = wrapper.cfbundle; includeInIndex = 0; path = GoodNewsTests.xctest; sourceTree = BUILT_PRODUCTS_DIR; };
		0E256DCF25AA5CD10044C002 /* GoodNewsTests.swift */ = {isa = PBXFileReference; lastKnownFileType = sourcecode.swift; path = GoodNewsTests.swift; sourceTree = "<group>"; };
		0E256DD125AA5CD10044C002 /* Info.plist */ = {isa = PBXFileReference; lastKnownFileType = text.plist.xml; path = Info.plist; sourceTree = "<group>"; };
		0E256DD625AA5CD10044C002 /* GoodNewsUITests.xctest */ = {isa = PBXFileReference; explicitFileType = wrapper.cfbundle; includeInIndex = 0; path = GoodNewsUITests.xctest; sourceTree = BUILT_PRODUCTS_DIR; };
		0E256DDA25AA5CD10044C002 /* GoodNewsUITests.swift */ = {isa = PBXFileReference; lastKnownFileType = sourcecode.swift; path = GoodNewsUITests.swift; sourceTree = "<group>"; };
		0E256DDC25AA5CD10044C002 /* Info.plist */ = {isa = PBXFileReference; lastKnownFileType = text.plist.xml; path = Info.plist; sourceTree = "<group>"; };
		0E256DEF25AA5D310044C002 /* NewsListTableViewController.swift */ = {isa = PBXFileReference; lastKnownFileType = sourcecode.swift; path = NewsListTableViewController.swift; sourceTree = "<group>"; };
		0E256E0125AA64180044C002 /* ArticleModel.swift */ = {isa = PBXFileReference; lastKnownFileType = sourcecode.swift; path = ArticleModel.swift; sourceTree = "<group>"; };
		0E256E0625AA65670044C002 /* ArticleWrapperModel.swift */ = {isa = PBXFileReference; lastKnownFileType = sourcecode.swift; path = ArticleWrapperModel.swift; sourceTree = "<group>"; };
		0E256E0D25AA66C40044C002 /* ArticleViewModel.swift */ = {isa = PBXFileReference; lastKnownFileType = sourcecode.swift; path = ArticleViewModel.swift; sourceTree = "<group>"; };
		0E256E1325AA69400044C002 /* ArticleCell.swift */ = {isa = PBXFileReference; lastKnownFileType = sourcecode.swift; path = ArticleCell.swift; sourceTree = "<group>"; };
		0ED487EF25DC1C96005483F7 /* README.md */ = {isa = PBXFileReference; fileEncoding = 4; lastKnownFileType = net.daringfireball.markdown; path = README.md; sourceTree = SOURCE_ROOT; };
		0EEDAB1525DC24990056C5A2 /* URLRequest+Extensions.swift */ = {isa = PBXFileReference; lastKnownFileType = sourcecode.swift; path = "URLRequest+Extensions.swift"; sourceTree = "<group>"; };
		0FD62E98F9B00FD6C4C55479 /* Pods_GoodNews.framework */ = {isa = PBXFileReference; explicitFileType = wrapper.framework; includeInIndex = 0; path = Pods_GoodNews.framework; sourceTree = BUILT_PRODUCTS_DIR; };
		498D66A294BE6F2DF330CF9E /* Pods-GoodNewsTests.debug.xcconfig */ = {isa = PBXFileReference; includeInIndex = 1; lastKnownFileType = text.xcconfig; name = "Pods-GoodNewsTests.debug.xcconfig"; path = "Target Support Files/Pods-GoodNewsTests/Pods-GoodNewsTests.debug.xcconfig"; sourceTree = "<group>"; };
		61D2A269BE835AD69F92D5AB /* Pods-GoodNews-GoodNewsUITests.release.xcconfig */ = {isa = PBXFileReference; includeInIndex = 1; lastKnownFileType = text.xcconfig; name = "Pods-GoodNews-GoodNewsUITests.release.xcconfig"; path = "Target Support Files/Pods-GoodNews-GoodNewsUITests/Pods-GoodNews-GoodNewsUITests.release.xcconfig"; sourceTree = "<group>"; };
		77C0F5ACE91B22AF81A14290 /* Pods-GoodNewsTests.release.xcconfig */ = {isa = PBXFileReference; includeInIndex = 1; lastKnownFileType = text.xcconfig; name = "Pods-GoodNewsTests.release.xcconfig"; path = "Target Support Files/Pods-GoodNewsTests/Pods-GoodNewsTests.release.xcconfig"; sourceTree = "<group>"; };
		8386249F0CBCD1EC01DAFF43 /* Pods-GoodNews-GoodNewsUITests.debug.xcconfig */ = {isa = PBXFileReference; includeInIndex = 1; lastKnownFileType = text.xcconfig; name = "Pods-GoodNews-GoodNewsUITests.debug.xcconfig"; path = "Target Support Files/Pods-GoodNews-GoodNewsUITests/Pods-GoodNews-GoodNewsUITests.debug.xcconfig"; sourceTree = "<group>"; };
		89F74CA06A9A79E3D5EDE583 /* Pods-GoodNews.release.xcconfig */ = {isa = PBXFileReference; includeInIndex = 1; lastKnownFileType = text.xcconfig; name = "Pods-GoodNews.release.xcconfig"; path = "Target Support Files/Pods-GoodNews/Pods-GoodNews.release.xcconfig"; sourceTree = "<group>"; };
		F717BE03EB707B2B4115B72D /* Pods_GoodNewsTests.framework */ = {isa = PBXFileReference; explicitFileType = wrapper.framework; includeInIndex = 0; path = Pods_GoodNewsTests.framework; sourceTree = BUILT_PRODUCTS_DIR; };
		FC0AC75841DA37EBD3BB2164 /* Pods-GoodNews.debug.xcconfig */ = {isa = PBXFileReference; includeInIndex = 1; lastKnownFileType = text.xcconfig; name = "Pods-GoodNews.debug.xcconfig"; path = "Target Support Files/Pods-GoodNews/Pods-GoodNews.debug.xcconfig"; sourceTree = "<group>"; };
/* End PBXFileReference section */

/* Begin PBXFrameworksBuildPhase section */
		0E256DB225AA5CD00044C002 /* Frameworks */ = {
			isa = PBXFrameworksBuildPhase;
			buildActionMask = 2147483647;
			files = (
				679DD7F589D7FB9823053139 /* Pods_GoodNews.framework in Frameworks */,
			);
			runOnlyForDeploymentPostprocessing = 0;
		};
		0E256DC825AA5CD10044C002 /* Frameworks */ = {
			isa = PBXFrameworksBuildPhase;
			buildActionMask = 2147483647;
			files = (
				371EEEA5540AA73685196DA6 /* Pods_GoodNewsTests.framework in Frameworks */,
			);
			runOnlyForDeploymentPostprocessing = 0;
		};
		0E256DD325AA5CD10044C002 /* Frameworks */ = {
			isa = PBXFrameworksBuildPhase;
			buildActionMask = 2147483647;
			files = (
				D093AA50473404F831679DD5 /* Pods_GoodNews_GoodNewsUITests.framework in Frameworks */,
			);
			runOnlyForDeploymentPostprocessing = 0;
		};
/* End PBXFrameworksBuildPhase section */

/* Begin PBXGroup section */
		0E256DAC25AA5CD00044C002 = {
			isa = PBXGroup;
			children = (
				0E256DB725AA5CD00044C002 /* GoodNews */,
				0E256DCE25AA5CD10044C002 /* GoodNewsTests */,
				0E256DD925AA5CD10044C002 /* GoodNewsUITests */,
				0E256DB625AA5CD00044C002 /* Products */,
				D6F62AC55370B5FEBC13FF6A /* Pods */,
				6E6D6ED85CBD76AC83D37E0A /* Frameworks */,
			);
			sourceTree = "<group>";
		};
		0E256DB625AA5CD00044C002 /* Products */ = {
			isa = PBXGroup;
			children = (
				0E256DB525AA5CD00044C002 /* GoodNews.app */,
				0E256DCB25AA5CD10044C002 /* GoodNewsTests.xctest */,
				0E256DD625AA5CD10044C002 /* GoodNewsUITests.xctest */,
			);
			name = Products;
			sourceTree = "<group>";
		};
		0E256DB725AA5CD00044C002 /* GoodNews */ = {
			isa = PBXGroup;
			children = (
				0EEDAB1425DC24880056C5A2 /* Extensions */,
				0E256E0025AA640D0044C002 /* Models */,
				0E256E0B25AA66900044C002 /* View */,
				0E256E0C25AA66950044C002 /* ViewModels */,
				0E256DEE25AA5D070044C002 /* Controllers */,
				0E256DB825AA5CD00044C002 /* AppDelegate.swift */,
				0E256DBA25AA5CD00044C002 /* SceneDelegate.swift */,
				0E256DBE25AA5CD00044C002 /* Main.storyboard */,
				0E256DC125AA5CD10044C002 /* Assets.xcassets */,
				0E256DC325AA5CD10044C002 /* LaunchScreen.storyboard */,
				0E256DC625AA5CD10044C002 /* Info.plist */,
				0ED487EF25DC1C96005483F7 /* README.md */,
			);
			path = GoodNews;
			sourceTree = "<group>";
		};
		0E256DCE25AA5CD10044C002 /* GoodNewsTests */ = {
			isa = PBXGroup;
			children = (
				0E256DCF25AA5CD10044C002 /* GoodNewsTests.swift */,
				0E256DD125AA5CD10044C002 /* Info.plist */,
			);
			path = GoodNewsTests;
			sourceTree = "<group>";
		};
		0E256DD925AA5CD10044C002 /* GoodNewsUITests */ = {
			isa = PBXGroup;
			children = (
				0E256DDA25AA5CD10044C002 /* GoodNewsUITests.swift */,
				0E256DDC25AA5CD10044C002 /* Info.plist */,
			);
			path = GoodNewsUITests;
			sourceTree = "<group>";
		};
		0E256DEE25AA5D070044C002 /* Controllers */ = {
			isa = PBXGroup;
			children = (
				0E256DEF25AA5D310044C002 /* NewsListTableViewController.swift */,
			);
			path = Controllers;
			sourceTree = "<group>";
		};
		0E256E0025AA640D0044C002 /* Models */ = {
			isa = PBXGroup;
			children = (
				0E256E0125AA64180044C002 /* ArticleModel.swift */,
				0E256E0625AA65670044C002 /* ArticleWrapperModel.swift */,
			);
			path = Models;
			sourceTree = "<group>";
		};
		0E256E0B25AA66900044C002 /* View */ = {
			isa = PBXGroup;
			children = (
				0E256E1225AA69340044C002 /* Cells */,
			);
			path = View;
			sourceTree = "<group>";
		};
		0E256E0C25AA66950044C002 /* ViewModels */ = {
			isa = PBXGroup;
			children = (
				0E256E0D25AA66C40044C002 /* ArticleViewModel.swift */,
			);
			path = ViewModels;
			sourceTree = "<group>";
		};
		0E256E1225AA69340044C002 /* Cells */ = {
			isa = PBXGroup;
			children = (
				0E256E1325AA69400044C002 /* ArticleCell.swift */,
			);
			path = Cells;
			sourceTree = "<group>";
		};
		0EEDAB1425DC24880056C5A2 /* Extensions */ = {
			isa = PBXGroup;
			children = (
				0EEDAB1525DC24990056C5A2 /* URLRequest+Extensions.swift */,
			);
			path = Extensions;
			sourceTree = "<group>";
		};
		6E6D6ED85CBD76AC83D37E0A /* Frameworks */ = {
			isa = PBXGroup;
			children = (
				0FD62E98F9B00FD6C4C55479 /* Pods_GoodNews.framework */,
				0736605044524F95A758B32B /* Pods_GoodNews_GoodNewsUITests.framework */,
				F717BE03EB707B2B4115B72D /* Pods_GoodNewsTests.framework */,
			);
			name = Frameworks;
			sourceTree = "<group>";
		};
		D6F62AC55370B5FEBC13FF6A /* Pods */ = {
			isa = PBXGroup;
			children = (
				FC0AC75841DA37EBD3BB2164 /* Pods-GoodNews.debug.xcconfig */,
				89F74CA06A9A79E3D5EDE583 /* Pods-GoodNews.release.xcconfig */,
				8386249F0CBCD1EC01DAFF43 /* Pods-GoodNews-GoodNewsUITests.debug.xcconfig */,
				61D2A269BE835AD69F92D5AB /* Pods-GoodNews-GoodNewsUITests.release.xcconfig */,
				498D66A294BE6F2DF330CF9E /* Pods-GoodNewsTests.debug.xcconfig */,
				77C0F5ACE91B22AF81A14290 /* Pods-GoodNewsTests.release.xcconfig */,
			);
			path = Pods;
			sourceTree = "<group>";
		};
/* End PBXGroup section */

/* Begin PBXNativeTarget section */
		0E256DB425AA5CD00044C002 /* GoodNews */ = {
			isa = PBXNativeTarget;
			buildConfigurationList = 0E256DDF25AA5CD10044C002 /* Build configuration list for PBXNativeTarget "GoodNews" */;
			buildPhases = (
				1B1A27D96BD0A891319DD7C6 /* [CP] Check Pods Manifest.lock */,
				0E256DB125AA5CD00044C002 /* Sources */,
				0E256DB225AA5CD00044C002 /* Frameworks */,
				0E256DB325AA5CD00044C002 /* Resources */,
				D9CA95E6D63A38F1EFE2AB2D /* [CP] Embed Pods Frameworks */,
			);
			buildRules = (
			);
			dependencies = (
			);
			name = GoodNews;
			productName = GoodNews;
			productReference = 0E256DB525AA5CD00044C002 /* GoodNews.app */;
			productType = "com.apple.product-type.application";
		};
		0E256DCA25AA5CD10044C002 /* GoodNewsTests */ = {
			isa = PBXNativeTarget;
			buildConfigurationList = 0E256DE225AA5CD10044C002 /* Build configuration list for PBXNativeTarget "GoodNewsTests" */;
			buildPhases = (
				FFC0D6F8C120C5CCA63A93DC /* [CP] Check Pods Manifest.lock */,
				0E256DC725AA5CD10044C002 /* Sources */,
				0E256DC825AA5CD10044C002 /* Frameworks */,
				0E256DC925AA5CD10044C002 /* Resources */,
			);
			buildRules = (
			);
			dependencies = (
				0E256DCD25AA5CD10044C002 /* PBXTargetDependency */,
			);
			name = GoodNewsTests;
			productName = GoodNewsTests;
			productReference = 0E256DCB25AA5CD10044C002 /* GoodNewsTests.xctest */;
			productType = "com.apple.product-type.bundle.unit-test";
		};
		0E256DD525AA5CD10044C002 /* GoodNewsUITests */ = {
			isa = PBXNativeTarget;
			buildConfigurationList = 0E256DE525AA5CD10044C002 /* Build configuration list for PBXNativeTarget "GoodNewsUITests" */;
			buildPhases = (
				AEE0BA309D78CE656B6CFBEF /* [CP] Check Pods Manifest.lock */,
				0E256DD225AA5CD10044C002 /* Sources */,
				0E256DD325AA5CD10044C002 /* Frameworks */,
				0E256DD425AA5CD10044C002 /* Resources */,
				5CF4A08B29A791A40BA1D8A6 /* [CP] Embed Pods Frameworks */,
			);
			buildRules = (
			);
			dependencies = (
				0E256DD825AA5CD10044C002 /* PBXTargetDependency */,
			);
			name = GoodNewsUITests;
			productName = GoodNewsUITests;
			productReference = 0E256DD625AA5CD10044C002 /* GoodNewsUITests.xctest */;
			productType = "com.apple.product-type.bundle.ui-testing";
		};
/* End PBXNativeTarget section */

/* Begin PBXProject section */
		0E256DAD25AA5CD00044C002 /* Project object */ = {
			isa = PBXProject;
			attributes = {
				LastSwiftUpdateCheck = 1230;
				LastUpgradeCheck = 1230;
				TargetAttributes = {
					0E256DB425AA5CD00044C002 = {
						CreatedOnToolsVersion = 12.3;
					};
					0E256DCA25AA5CD10044C002 = {
						CreatedOnToolsVersion = 12.3;
						TestTargetID = 0E256DB425AA5CD00044C002;
					};
					0E256DD525AA5CD10044C002 = {
						CreatedOnToolsVersion = 12.3;
						TestTargetID = 0E256DB425AA5CD00044C002;
					};
				};
			};
			buildConfigurationList = 0E256DB025AA5CD00044C002 /* Build configuration list for PBXProject "GoodNews" */;
			compatibilityVersion = "Xcode 9.3";
			developmentRegion = en;
			hasScannedForEncodings = 0;
			knownRegions = (
				en,
				Base,
			);
			mainGroup = 0E256DAC25AA5CD00044C002;
			productRefGroup = 0E256DB625AA5CD00044C002 /* Products */;
			projectDirPath = "";
			projectRoot = "";
			targets = (
				0E256DB425AA5CD00044C002 /* GoodNews */,
				0E256DCA25AA5CD10044C002 /* GoodNewsTests */,
				0E256DD525AA5CD10044C002 /* GoodNewsUITests */,
			);
		};
/* End PBXProject section */

/* Begin PBXResourcesBuildPhase section */
		0E256DB325AA5CD00044C002 /* Resources */ = {
			isa = PBXResourcesBuildPhase;
			buildActionMask = 2147483647;
			files = (
				0E256DC525AA5CD10044C002 /* LaunchScreen.storyboard in Resources */,
				0E256DC225AA5CD10044C002 /* Assets.xcassets in Resources */,
				0ED487F025DC1C96005483F7 /* README.md in Resources */,
				0E256DC025AA5CD00044C002 /* Main.storyboard in Resources */,
			);
			runOnlyForDeploymentPostprocessing = 0;
		};
		0E256DC925AA5CD10044C002 /* Resources */ = {
			isa = PBXResourcesBuildPhase;
			buildActionMask = 2147483647;
			files = (
			);
			runOnlyForDeploymentPostprocessing = 0;
		};
		0E256DD425AA5CD10044C002 /* Resources */ = {
			isa = PBXResourcesBuildPhase;
			buildActionMask = 2147483647;
			files = (
			);
			runOnlyForDeploymentPostprocessing = 0;
		};
/* End PBXResourcesBuildPhase section */

/* Begin PBXShellScriptBuildPhase section */
		1B1A27D96BD0A891319DD7C6 /* [CP] Check Pods Manifest.lock */ = {
			isa = PBXShellScriptBuildPhase;
			buildActionMask = 2147483647;
			files = (
			);
			inputFileListPaths = (
			);
			inputPaths = (
				"${PODS_PODFILE_DIR_PATH}/Podfile.lock",
				"${PODS_ROOT}/Manifest.lock",
			);
			name = "[CP] Check Pods Manifest.lock";
			outputFileListPaths = (
			);
			outputPaths = (
				"$(DERIVED_FILE_DIR)/Pods-GoodNews-checkManifestLockResult.txt",
			);
			runOnlyForDeploymentPostprocessing = 0;
			shellPath = /bin/sh;
			shellScript = "diff \"${PODS_PODFILE_DIR_PATH}/Podfile.lock\" \"${PODS_ROOT}/Manifest.lock\" > /dev/null\nif [ $? != 0 ] ; then\n    # print error to STDERR\n    echo \"error: The sandbox is not in sync with the Podfile.lock. Run 'pod install' or update your CocoaPods installation.\" >&2\n    exit 1\nfi\n# This output is used by Xcode 'outputs' to avoid re-running this script phase.\necho \"SUCCESS\" > \"${SCRIPT_OUTPUT_FILE_0}\"\n";
			showEnvVarsInLog = 0;
		};
		5CF4A08B29A791A40BA1D8A6 /* [CP] Embed Pods Frameworks */ = {
			isa = PBXShellScriptBuildPhase;
			buildActionMask = 2147483647;
			files = (
			);
			inputFileListPaths = (
				"${PODS_ROOT}/Target Support Files/Pods-GoodNews-GoodNewsUITests/Pods-GoodNews-GoodNewsUITests-frameworks-${CONFIGURATION}-input-files.xcfilelist",
			);
			name = "[CP] Embed Pods Frameworks";
			outputFileListPaths = (
				"${PODS_ROOT}/Target Support Files/Pods-GoodNews-GoodNewsUITests/Pods-GoodNews-GoodNewsUITests-frameworks-${CONFIGURATION}-output-files.xcfilelist",
			);
			runOnlyForDeploymentPostprocessing = 0;
			shellPath = /bin/sh;
			shellScript = "\"${PODS_ROOT}/Target Support Files/Pods-GoodNews-GoodNewsUITests/Pods-GoodNews-GoodNewsUITests-frameworks.sh\"\n";
			showEnvVarsInLog = 0;
		};
		AEE0BA309D78CE656B6CFBEF /* [CP] Check Pods Manifest.lock */ = {
			isa = PBXShellScriptBuildPhase;
			buildActionMask = 2147483647;
			files = (
			);
			inputFileListPaths = (
			);
			inputPaths = (
				"${PODS_PODFILE_DIR_PATH}/Podfile.lock",
				"${PODS_ROOT}/Manifest.lock",
			);
			name = "[CP] Check Pods Manifest.lock";
			outputFileListPaths = (
			);
			outputPaths = (
				"$(DERIVED_FILE_DIR)/Pods-GoodNews-GoodNewsUITests-checkManifestLockResult.txt",
			);
			runOnlyForDeploymentPostprocessing = 0;
			shellPath = /bin/sh;
			shellScript = "diff \"${PODS_PODFILE_DIR_PATH}/Podfile.lock\" \"${PODS_ROOT}/Manifest.lock\" > /dev/null\nif [ $? != 0 ] ; then\n    # print error to STDERR\n    echo \"error: The sandbox is not in sync with the Podfile.lock. Run 'pod install' or update your CocoaPods installation.\" >&2\n    exit 1\nfi\n# This output is used by Xcode 'outputs' to avoid re-running this script phase.\necho \"SUCCESS\" > \"${SCRIPT_OUTPUT_FILE_0}\"\n";
			showEnvVarsInLog = 0;
		};
		D9CA95E6D63A38F1EFE2AB2D /* [CP] Embed Pods Frameworks */ = {
			isa = PBXShellScriptBuildPhase;
			buildActionMask = 2147483647;
			files = (
			);
			inputFileListPaths = (
				"${PODS_ROOT}/Target Support Files/Pods-GoodNews/Pods-GoodNews-frameworks-${CONFIGURATION}-input-files.xcfilelist",
			);
			name = "[CP] Embed Pods Frameworks";
			outputFileListPaths = (
				"${PODS_ROOT}/Target Support Files/Pods-GoodNews/Pods-GoodNews-frameworks-${CONFIGURATION}-output-files.xcfilelist",
			);
			runOnlyForDeploymentPostprocessing = 0;
			shellPath = /bin/sh;
			shellScript = "\"${PODS_ROOT}/Target Support Files/Pods-GoodNews/Pods-GoodNews-frameworks.sh\"\n";
			showEnvVarsInLog = 0;
		};
		FFC0D6F8C120C5CCA63A93DC /* [CP] Check Pods Manifest.lock */ = {
			isa = PBXShellScriptBuildPhase;
			buildActionMask = 2147483647;
			files = (
			);
			inputFileListPaths = (
			);
			inputPaths = (
				"${PODS_PODFILE_DIR_PATH}/Podfile.lock",
				"${PODS_ROOT}/Manifest.lock",
			);
			name = "[CP] Check Pods Manifest.lock";
			outputFileListPaths = (
			);
			outputPaths = (
				"$(DERIVED_FILE_DIR)/Pods-GoodNewsTests-checkManifestLockResult.txt",
			);
			runOnlyForDeploymentPostprocessing = 0;
			shellPath = /bin/sh;
			shellScript = "diff \"${PODS_PODFILE_DIR_PATH}/Podfile.lock\" \"${PODS_ROOT}/Manifest.lock\" > /dev/null\nif [ $? != 0 ] ; then\n    # print error to STDERR\n    echo \"error: The sandbox is not in sync with the Podfile.lock. Run 'pod install' or update your CocoaPods installation.\" >&2\n    exit 1\nfi\n# This output is used by Xcode 'outputs' to avoid re-running this script phase.\necho \"SUCCESS\" > \"${SCRIPT_OUTPUT_FILE_0}\"\n";
			showEnvVarsInLog = 0;
		};
/* End PBXShellScriptBuildPhase section */

/* Begin PBXSourcesBuildPhase section */
		0E256DB125AA5CD00044C002 /* Sources */ = {
			isa = PBXSourcesBuildPhase;
			buildActionMask = 2147483647;
			files = (
				0E256E1425AA69400044C002 /* ArticleCell.swift in Sources */,
				0E256DB925AA5CD00044C002 /* AppDelegate.swift in Sources */,
				0E256E0225AA64180044C002 /* ArticleModel.swift in Sources */,
				0EEDAB1625DC24990056C5A2 /* URLRequest+Extensions.swift in Sources */,
				0E256E0725AA65670044C002 /* ArticleWrapperModel.swift in Sources */,
				0E256DF025AA5D310044C002 /* NewsListTableViewController.swift in Sources */,
				0E256E0E25AA66C40044C002 /* ArticleViewModel.swift in Sources */,
				0E256DBB25AA5CD00044C002 /* SceneDelegate.swift in Sources */,
			);
			runOnlyForDeploymentPostprocessing = 0;
		};
		0E256DC725AA5CD10044C002 /* Sources */ = {
			isa = PBXSourcesBuildPhase;
			buildActionMask = 2147483647;
			files = (
				0E256DD025AA5CD10044C002 /* GoodNewsTests.swift in Sources */,
			);
			runOnlyForDeploymentPostprocessing = 0;
		};
		0E256DD225AA5CD10044C002 /* Sources */ = {
			isa = PBXSourcesBuildPhase;
			buildActionMask = 2147483647;
			files = (
				0E256DDB25AA5CD10044C002 /* GoodNewsUITests.swift in Sources */,
			);
			runOnlyForDeploymentPostprocessing = 0;
		};
/* End PBXSourcesBuildPhase section */

/* Begin PBXTargetDependency section */
		0E256DCD25AA5CD10044C002 /* PBXTargetDependency */ = {
			isa = PBXTargetDependency;
			target = 0E256DB425AA5CD00044C002 /* GoodNews */;
			targetProxy = 0E256DCC25AA5CD10044C002 /* PBXContainerItemProxy */;
		};
		0E256DD825AA5CD10044C002 /* PBXTargetDependency */ = {
			isa = PBXTargetDependency;
			target = 0E256DB425AA5CD00044C002 /* GoodNews */;
			targetProxy = 0E256DD725AA5CD10044C002 /* PBXContainerItemProxy */;
		};
/* End PBXTargetDependency section */

/* Begin PBXVariantGroup section */
		0E256DBE25AA5CD00044C002 /* Main.storyboard */ = {
			isa = PBXVariantGroup;
			children = (
				0E256DBF25AA5CD00044C002 /* Base */,
			);
			name = Main.storyboard;
			sourceTree = "<group>";
		};
		0E256DC325AA5CD10044C002 /* LaunchScreen.storyboard */ = {
			isa = PBXVariantGroup;
			children = (
				0E256DC425AA5CD10044C002 /* Base */,
			);
			name = LaunchScreen.storyboard;
			sourceTree = "<group>";
		};
/* End PBXVariantGroup section */

/* Begin XCBuildConfiguration section */
		0E256DDD25AA5CD10044C002 /* Debug */ = {
			isa = XCBuildConfiguration;
			buildSettings = {
				ALWAYS_SEARCH_USER_PATHS = NO;
				CLANG_ANALYZER_NONNULL = YES;
				CLANG_ANALYZER_NUMBER_OBJECT_CONVERSION = YES_AGGRESSIVE;
				CLANG_CXX_LANGUAGE_STANDARD = "gnu++14";
				CLANG_CXX_LIBRARY = "libc++";
				CLANG_ENABLE_MODULES = YES;
				CLANG_ENABLE_OBJC_ARC = YES;
				CLANG_ENABLE_OBJC_WEAK = YES;
				CLANG_WARN_BLOCK_CAPTURE_AUTORELEASING = YES;
				CLANG_WARN_BOOL_CONVERSION = YES;
				CLANG_WARN_COMMA = YES;
				CLANG_WARN_CONSTANT_CONVERSION = YES;
				CLANG_WARN_DEPRECATED_OBJC_IMPLEMENTATIONS = YES;
				CLANG_WARN_DIRECT_OBJC_ISA_USAGE = YES_ERROR;
				CLANG_WARN_DOCUMENTATION_COMMENTS = YES;
				CLANG_WARN_EMPTY_BODY = YES;
				CLANG_WARN_ENUM_CONVERSION = YES;
				CLANG_WARN_INFINITE_RECURSION = YES;
				CLANG_WARN_INT_CONVERSION = YES;
				CLANG_WARN_NON_LITERAL_NULL_CONVERSION = YES;
				CLANG_WARN_OBJC_IMPLICIT_RETAIN_SELF = YES;
				CLANG_WARN_OBJC_LITERAL_CONVERSION = YES;
				CLANG_WARN_OBJC_ROOT_CLASS = YES_ERROR;
				CLANG_WARN_QUOTED_INCLUDE_IN_FRAMEWORK_HEADER = YES;
				CLANG_WARN_RANGE_LOOP_ANALYSIS = YES;
				CLANG_WARN_STRICT_PROTOTYPES = YES;
				CLANG_WARN_SUSPICIOUS_MOVE = YES;
				CLANG_WARN_UNGUARDED_AVAILABILITY = YES_AGGRESSIVE;
				CLANG_WARN_UNREACHABLE_CODE = YES;
				CLANG_WARN__DUPLICATE_METHOD_MATCH = YES;
				COPY_PHASE_STRIP = NO;
				DEBUG_INFORMATION_FORMAT = dwarf;
				ENABLE_STRICT_OBJC_MSGSEND = YES;
				ENABLE_TESTABILITY = YES;
				GCC_C_LANGUAGE_STANDARD = gnu11;
				GCC_DYNAMIC_NO_PIC = NO;
				GCC_NO_COMMON_BLOCKS = YES;
				GCC_OPTIMIZATION_LEVEL = 0;
				GCC_PREPROCESSOR_DEFINITIONS = (
					"DEBUG=1",
					"$(inherited)",
				);
				GCC_WARN_64_TO_32_BIT_CONVERSION = YES;
				GCC_WARN_ABOUT_RETURN_TYPE = YES_ERROR;
				GCC_WARN_UNDECLARED_SELECTOR = YES;
				GCC_WARN_UNINITIALIZED_AUTOS = YES_AGGRESSIVE;
				GCC_WARN_UNUSED_FUNCTION = YES;
				GCC_WARN_UNUSED_VARIABLE = YES;
				IPHONEOS_DEPLOYMENT_TARGET = 14.3;
				MTL_ENABLE_DEBUG_INFO = INCLUDE_SOURCE;
				MTL_FAST_MATH = YES;
				ONLY_ACTIVE_ARCH = YES;
				SDKROOT = iphoneos;
				SWIFT_ACTIVE_COMPILATION_CONDITIONS = DEBUG;
				SWIFT_OPTIMIZATION_LEVEL = "-Onone";
			};
			name = Debug;
		};
		0E256DDE25AA5CD10044C002 /* Release */ = {
			isa = XCBuildConfiguration;
			buildSettings = {
				ALWAYS_SEARCH_USER_PATHS = NO;
				CLANG_ANALYZER_NONNULL = YES;
				CLANG_ANALYZER_NUMBER_OBJECT_CONVERSION = YES_AGGRESSIVE;
				CLANG_CXX_LANGUAGE_STANDARD = "gnu++14";
				CLANG_CXX_LIBRARY = "libc++";
				CLANG_ENABLE_MODULES = YES;
				CLANG_ENABLE_OBJC_ARC = YES;
				CLANG_ENABLE_OBJC_WEAK = YES;
				CLANG_WARN_BLOCK_CAPTURE_AUTORELEASING = YES;
				CLANG_WARN_BOOL_CONVERSION = YES;
				CLANG_WARN_COMMA = YES;
				CLANG_WARN_CONSTANT_CONVERSION = YES;
				CLANG_WARN_DEPRECATED_OBJC_IMPLEMENTATIONS = YES;
				CLANG_WARN_DIRECT_OBJC_ISA_USAGE = YES_ERROR;
				CLANG_WARN_DOCUMENTATION_COMMENTS = YES;
				CLANG_WARN_EMPTY_BODY = YES;
				CLANG_WARN_ENUM_CONVERSION = YES;
				CLANG_WARN_INFINITE_RECURSION = YES;
				CLANG_WARN_INT_CONVERSION = YES;
				CLANG_WARN_NON_LITERAL_NULL_CONVERSION = YES;
				CLANG_WARN_OBJC_IMPLICIT_RETAIN_SELF = YES;
				CLANG_WARN_OBJC_LITERAL_CONVERSION = YES;
				CLANG_WARN_OBJC_ROOT_CLASS = YES_ERROR;
				CLANG_WARN_QUOTED_INCLUDE_IN_FRAMEWORK_HEADER = YES;
				CLANG_WARN_RANGE_LOOP_ANALYSIS = YES;
				CLANG_WARN_STRICT_PROTOTYPES = YES;
				CLANG_WARN_SUSPICIOUS_MOVE = YES;
				CLANG_WARN_UNGUARDED_AVAILABILITY = YES_AGGRESSIVE;
				CLANG_WARN_UNREACHABLE_CODE = YES;
				CLANG_WARN__DUPLICATE_METHOD_MATCH = YES;
				COPY_PHASE_STRIP = NO;
				DEBUG_INFORMATION_FORMAT = "dwarf-with-dsym";
				ENABLE_NS_ASSERTIONS = NO;
				ENABLE_STRICT_OBJC_MSGSEND = YES;
				GCC_C_LANGUAGE_STANDARD = gnu11;
				GCC_NO_COMMON_BLOCKS = YES;
				GCC_WARN_64_TO_32_BIT_CONVERSION = YES;
				GCC_WARN_ABOUT_RETURN_TYPE = YES_ERROR;
				GCC_WARN_UNDECLARED_SELECTOR = YES;
				GCC_WARN_UNINITIALIZED_AUTOS = YES_AGGRESSIVE;
				GCC_WARN_UNUSED_FUNCTION = YES;
				GCC_WARN_UNUSED_VARIABLE = YES;
				IPHONEOS_DEPLOYMENT_TARGET = 14.3;
				MTL_ENABLE_DEBUG_INFO = NO;
				MTL_FAST_MATH = YES;
				SDKROOT = iphoneos;
				SWIFT_COMPILATION_MODE = wholemodule;
				SWIFT_OPTIMIZATION_LEVEL = "-O";
				VALIDATE_PRODUCT = YES;
			};
			name = Release;
		};
		0E256DE025AA5CD10044C002 /* Debug */ = {
			isa = XCBuildConfiguration;
			baseConfigurationReference = FC0AC75841DA37EBD3BB2164 /* Pods-GoodNews.debug.xcconfig */;
			buildSettings = {
				ASSETCATALOG_COMPILER_APPICON_NAME = AppIcon;
				ASSETCATALOG_COMPILER_GLOBAL_ACCENT_COLOR_NAME = AccentColor;
				CODE_SIGN_STYLE = Automatic;
				DEVELOPMENT_TEAM = F9DU4PRQQ6;
				INFOPLIST_FILE = GoodNews/Info.plist;
				LD_RUNPATH_SEARCH_PATHS = (
					"$(inherited)",
					"@executable_path/Frameworks",
				);
				PRODUCT_BUNDLE_IDENTIFIER = com.juanbonforti.GoodNews;
				PRODUCT_NAME = "$(TARGET_NAME)";
				SWIFT_VERSION = 5.0;
				TARGETED_DEVICE_FAMILY = "1,2";
			};
			name = Debug;
		};
		0E256DE125AA5CD10044C002 /* Release */ = {
			isa = XCBuildConfiguration;
			baseConfigurationReference = 89F74CA06A9A79E3D5EDE583 /* Pods-GoodNews.release.xcconfig */;
			buildSettings = {
				ASSETCATALOG_COMPILER_APPICON_NAME = AppIcon;
				ASSETCATALOG_COMPILER_GLOBAL_ACCENT_COLOR_NAME = AccentColor;
				CODE_SIGN_STYLE = Automatic;
				DEVELOPMENT_TEAM = F9DU4PRQQ6;
				INFOPLIST_FILE = GoodNews/Info.plist;
				LD_RUNPATH_SEARCH_PATHS = (
					"$(inherited)",
					"@executable_path/Frameworks",
				);
				PRODUCT_BUNDLE_IDENTIFIER = com.juanbonforti.GoodNews;
				PRODUCT_NAME = "$(TARGET_NAME)";
				SWIFT_VERSION = 5.0;
				TARGETED_DEVICE_FAMILY = "1,2";
			};
			name = Release;
		};
		0E256DE325AA5CD10044C002 /* Debug */ = {
			isa = XCBuildConfiguration;
			baseConfigurationReference = 498D66A294BE6F2DF330CF9E /* Pods-GoodNewsTests.debug.xcconfig */;
			buildSettings = {
				ALWAYS_EMBED_SWIFT_STANDARD_LIBRARIES = YES;
				BUNDLE_LOADER = "$(TEST_HOST)";
				CODE_SIGN_STYLE = Automatic;
				DEVELOPMENT_TEAM = F9DU4PRQQ6;
				INFOPLIST_FILE = GoodNewsTests/Info.plist;
				IPHONEOS_DEPLOYMENT_TARGET = 14.3;
				LD_RUNPATH_SEARCH_PATHS = (
					"$(inherited)",
					"@executable_path/Frameworks",
					"@loader_path/Frameworks",
				);
				PRODUCT_BUNDLE_IDENTIFIER = com.juanbonforti.GoodNewsTests;
				PRODUCT_NAME = "$(TARGET_NAME)";
				SWIFT_VERSION = 5.0;
				TARGETED_DEVICE_FAMILY = "1,2";
				TEST_HOST = "$(BUILT_PRODUCTS_DIR)/GoodNews.app/GoodNews";
			};
			name = Debug;
		};
		0E256DE425AA5CD10044C002 /* Release */ = {
			isa = XCBuildConfiguration;
			baseConfigurationReference = 77C0F5ACE91B22AF81A14290 /* Pods-GoodNewsTests.release.xcconfig */;
			buildSettings = {
				ALWAYS_EMBED_SWIFT_STANDARD_LIBRARIES = YES;
				BUNDLE_LOADER = "$(TEST_HOST)";
				CODE_SIGN_STYLE = Automatic;
				DEVELOPMENT_TEAM = F9DU4PRQQ6;
				INFOPLIST_FILE = GoodNewsTests/Info.plist;
				IPHONEOS_DEPLOYMENT_TARGET = 14.3;
				LD_RUNPATH_SEARCH_PATHS = (
					"$(inherited)",
					"@executable_path/Frameworks",
					"@loader_path/Frameworks",
				);
				PRODUCT_BUNDLE_IDENTIFIER = com.juanbonforti.GoodNewsTests;
				PRODUCT_NAME = "$(TARGET_NAME)";
				SWIFT_VERSION = 5.0;
				TARGETED_DEVICE_FAMILY = "1,2";
				TEST_HOST = "$(BUILT_PRODUCTS_DIR)/GoodNews.app/GoodNews";
			};
			name = Release;
		};
		0E256DE625AA5CD10044C002 /* Debug */ = {
			isa = XCBuildConfiguration;
			baseConfigurationReference = 8386249F0CBCD1EC01DAFF43 /* Pods-GoodNews-GoodNewsUITests.debug.xcconfig */;
			buildSettings = {
				ALWAYS_EMBED_SWIFT_STANDARD_LIBRARIES = YES;
				CODE_SIGN_STYLE = Automatic;
				DEVELOPMENT_TEAM = F9DU4PRQQ6;
				INFOPLIST_FILE = GoodNewsUITests/Info.plist;
				LD_RUNPATH_SEARCH_PATHS = (
					"$(inherited)",
					"@executable_path/Frameworks",
					"@loader_path/Frameworks",
				);
				PRODUCT_BUNDLE_IDENTIFIER = com.juanbonforti.GoodNewsUITests;
				PRODUCT_NAME = "$(TARGET_NAME)";
				SWIFT_VERSION = 5.0;
				TARGETED_DEVICE_FAMILY = "1,2";
				TEST_TARGET_NAME = GoodNews;
			};
			name = Debug;
		};
		0E256DE725AA5CD10044C002 /* Release */ = {
			isa = XCBuildConfiguration;
			baseConfigurationReference = 61D2A269BE835AD69F92D5AB /* Pods-GoodNews-GoodNewsUITests.release.xcconfig */;
			buildSettings = {
				ALWAYS_EMBED_SWIFT_STANDARD_LIBRARIES = YES;
				CODE_SIGN_STYLE = Automatic;
				DEVELOPMENT_TEAM = F9DU4PRQQ6;
				INFOPLIST_FILE = GoodNewsUITests/Info.plist;
				LD_RUNPATH_SEARCH_PATHS = (
					"$(inherited)",
					"@executable_path/Frameworks",
					"@loader_path/Frameworks",
				);
				PRODUCT_BUNDLE_IDENTIFIER = com.juanbonforti.GoodNewsUITests;
				PRODUCT_NAME = "$(TARGET_NAME)";
				SWIFT_VERSION = 5.0;
				TARGETED_DEVICE_FAMILY = "1,2";
				TEST_TARGET_NAME = GoodNews;
			};
			name = Release;
		};
/* End XCBuildConfiguration section */

/* Begin XCConfigurationList section */
		0E256DB025AA5CD00044C002 /* Build configuration list for PBXProject "GoodNews" */ = {
			isa = XCConfigurationList;
			buildConfigurations = (
				0E256DDD25AA5CD10044C002 /* Debug */,
				0E256DDE25AA5CD10044C002 /* Release */,
			);
			defaultConfigurationIsVisible = 0;
			defaultConfigurationName = Release;
		};
		0E256DDF25AA5CD10044C002 /* Build configuration list for PBXNativeTarget "GoodNews" */ = {
			isa = XCConfigurationList;
			buildConfigurations = (
				0E256DE025AA5CD10044C002 /* Debug */,
				0E256DE125AA5CD10044C002 /* Release */,
			);
			defaultConfigurationIsVisible = 0;
			defaultConfigurationName = Release;
		};
		0E256DE225AA5CD10044C002 /* Build configuration list for PBXNativeTarget "GoodNewsTests" */ = {
			isa = XCConfigurationList;
			buildConfigurations = (
				0E256DE325AA5CD10044C002 /* Debug */,
				0E256DE425AA5CD10044C002 /* Release */,
			);
			defaultConfigurationIsVisible = 0;
			defaultConfigurationName = Release;
		};
		0E256DE525AA5CD10044C002 /* Build configuration list for PBXNativeTarget "GoodNewsUITests" */ = {
			isa = XCConfigurationList;
			buildConfigurations = (
				0E256DE625AA5CD10044C002 /* Debug */,
				0E256DE725AA5CD10044C002 /* Release */,
			);
			defaultConfigurationIsVisible = 0;
			defaultConfigurationName = Release;
		};
/* End XCConfigurationList section */
	};
	rootObject = 0E256DAD25AA5CD00044C002 /* Project object */;
}
